// !$*UTF8*$!
{
	archiveVersion = 1;
	classes = {
	};
	objectVersion = 51;
	objects = {

/* Begin PBXBuildFile section */
		5524EFE123D14D28004A111D /* DetailViewController.swift in Sources */ = {isa = PBXBuildFile; fileRef = 5524EFDF23D14D28004A111D /* DetailViewController.swift */; };
		5524EFE223D14D28004A111D /* DetailViewController.xib in Resources */ = {isa = PBXBuildFile; fileRef = 5524EFE023D14D28004A111D /* DetailViewController.xib */; };
		553C3D5323D1D156000905A6 /* Beer.swift in Sources */ = {isa = PBXBuildFile; fileRef = 553C3D5223D1D156000905A6 /* Beer.swift */; };
		553C3D6823D1D7AF000905A6 /* BeerPunkAPIConsumerAlamofire.swift in Sources */ = {isa = PBXBuildFile; fileRef = 553C3D6723D1D7AF000905A6 /* BeerPunkAPIConsumerAlamofire.swift */; };
		553C3D6A23D1D888000905A6 /* PunkAPIConstants.swift in Sources */ = {isa = PBXBuildFile; fileRef = 553C3D6923D1D888000905A6 /* PunkAPIConstants.swift */; };
		553C3D6D23D1E1BF000905A6 /* BeerItemAPIConsumable.swift in Sources */ = {isa = PBXBuildFile; fileRef = 553C3D6C23D1E1BF000905A6 /* BeerItemAPIConsumable.swift */; };
		553C3D6F23D1E335000905A6 /* DataRepository.swift in Sources */ = {isa = PBXBuildFile; fileRef = 553C3D6E23D1E335000905A6 /* DataRepository.swift */; };
		5541D4E123D11F380035EE82 /* AppDelegate.swift in Sources */ = {isa = PBXBuildFile; fileRef = 5541D4E023D11F380035EE82 /* AppDelegate.swift */; };
		5541D4E323D11F380035EE82 /* SceneDelegate.swift in Sources */ = {isa = PBXBuildFile; fileRef = 5541D4E223D11F380035EE82 /* SceneDelegate.swift */; };
		5541D4EA23D11F390035EE82 /* Assets.xcassets in Resources */ = {isa = PBXBuildFile; fileRef = 5541D4E923D11F390035EE82 /* Assets.xcassets */; };
		5541D4ED23D11F390035EE82 /* LaunchScreen.storyboard in Resources */ = {isa = PBXBuildFile; fileRef = 5541D4EB23D11F390035EE82 /* LaunchScreen.storyboard */; };
		5541D4F823D11F390035EE82 /* Beer4FoodTests.swift in Sources */ = {isa = PBXBuildFile; fileRef = 5541D4F723D11F390035EE82 /* Beer4FoodTests.swift */; };
		557FBEA923D5C53F003D46AD /* DateFormatter+Custom.swift in Sources */ = {isa = PBXBuildFile; fileRef = 557FBEA823D5C53F003D46AD /* DateFormatter+Custom.swift */; };
		557FBEAB23D5C5D3003D46AD /* UIImageView+Networking.swift in Sources */ = {isa = PBXBuildFile; fileRef = 557FBEAA23D5C5D3003D46AD /* UIImageView+Networking.swift */; };
		55D963A023D1463C00B9F46E /* SearchViewController.swift in Sources */ = {isa = PBXBuildFile; fileRef = 55D9639E23D1463C00B9F46E /* SearchViewController.swift */; };
		55D963A123D1463C00B9F46E /* SearchViewController.xib in Resources */ = {isa = PBXBuildFile; fileRef = 55D9639F23D1463C00B9F46E /* SearchViewController.xib */; };
		985A1E9A0A23A5BC1F50253D /* Pods_Beer4Food.framework in Frameworks */ = {isa = PBXBuildFile; fileRef = 7A33940F783A435E848413C3 /* Pods_Beer4Food.framework */; };
		B50E77DB0A5916F12E05A824 /* Pods_Beer4FoodTests.framework in Frameworks */ = {isa = PBXBuildFile; fileRef = 1157C18872D3CB441215F09B /* Pods_Beer4FoodTests.framework */; };
/* End PBXBuildFile section */

/* Begin PBXContainerItemProxy section */
		5541D4F423D11F390035EE82 /* PBXContainerItemProxy */ = {
			isa = PBXContainerItemProxy;
			containerPortal = 5541D4D523D11F380035EE82 /* Project object */;
			proxyType = 1;
			remoteGlobalIDString = 5541D4DC23D11F380035EE82;
			remoteInfo = Beer4Food;
		};
/* End PBXContainerItemProxy section */

/* Begin PBXFileReference section */
		1157C18872D3CB441215F09B /* Pods_Beer4FoodTests.framework */ = {isa = PBXFileReference; explicitFileType = wrapper.framework; includeInIndex = 0; path = Pods_Beer4FoodTests.framework; sourceTree = BUILT_PRODUCTS_DIR; };
		2E1A7867DC4552F4A9AC3BE5 /* Pods-Beer4Food.debug.xcconfig */ = {isa = PBXFileReference; includeInIndex = 1; lastKnownFileType = text.xcconfig; name = "Pods-Beer4Food.debug.xcconfig"; path = "Target Support Files/Pods-Beer4Food/Pods-Beer4Food.debug.xcconfig"; sourceTree = "<group>"; };
		31B5DFB0722F9857CB038DAB /* Pods-Beer4FoodTests.release.xcconfig */ = {isa = PBXFileReference; includeInIndex = 1; lastKnownFileType = text.xcconfig; name = "Pods-Beer4FoodTests.release.xcconfig"; path = "Target Support Files/Pods-Beer4FoodTests/Pods-Beer4FoodTests.release.xcconfig"; sourceTree = "<group>"; };
		44205D71F8CCD1257ECA81A3 /* Pods-Beer4FoodTests.debug.xcconfig */ = {isa = PBXFileReference; includeInIndex = 1; lastKnownFileType = text.xcconfig; name = "Pods-Beer4FoodTests.debug.xcconfig"; path = "Target Support Files/Pods-Beer4FoodTests/Pods-Beer4FoodTests.debug.xcconfig"; sourceTree = "<group>"; };
		5524EFDF23D14D28004A111D /* DetailViewController.swift */ = {isa = PBXFileReference; lastKnownFileType = sourcecode.swift; path = DetailViewController.swift; sourceTree = "<group>"; };
		5524EFE023D14D28004A111D /* DetailViewController.xib */ = {isa = PBXFileReference; lastKnownFileType = file.xib; path = DetailViewController.xib; sourceTree = "<group>"; };
		553C3D5223D1D156000905A6 /* Beer.swift */ = {isa = PBXFileReference; lastKnownFileType = sourcecode.swift; path = Beer.swift; sourceTree = "<group>"; };
		553C3D6723D1D7AF000905A6 /* BeerPunkAPIConsumerAlamofire.swift */ = {isa = PBXFileReference; lastKnownFileType = sourcecode.swift; path = BeerPunkAPIConsumerAlamofire.swift; sourceTree = "<group>"; };
		553C3D6923D1D888000905A6 /* PunkAPIConstants.swift */ = {isa = PBXFileReference; lastKnownFileType = sourcecode.swift; path = PunkAPIConstants.swift; sourceTree = "<group>"; };
		553C3D6C23D1E1BF000905A6 /* BeerItemAPIConsumable.swift */ = {isa = PBXFileReference; lastKnownFileType = sourcecode.swift; path = BeerItemAPIConsumable.swift; sourceTree = "<group>"; };
		553C3D6E23D1E335000905A6 /* DataRepository.swift */ = {isa = PBXFileReference; lastKnownFileType = sourcecode.swift; path = DataRepository.swift; sourceTree = "<group>"; };
		5541D4DD23D11F380035EE82 /* Beer4Food.app */ = {isa = PBXFileReference; explicitFileType = wrapper.application; includeInIndex = 0; path = Beer4Food.app; sourceTree = BUILT_PRODUCTS_DIR; };
		5541D4E023D11F380035EE82 /* AppDelegate.swift */ = {isa = PBXFileReference; lastKnownFileType = sourcecode.swift; path = AppDelegate.swift; sourceTree = "<group>"; };
		5541D4E223D11F380035EE82 /* SceneDelegate.swift */ = {isa = PBXFileReference; lastKnownFileType = sourcecode.swift; path = SceneDelegate.swift; sourceTree = "<group>"; };
		5541D4E923D11F390035EE82 /* Assets.xcassets */ = {isa = PBXFileReference; lastKnownFileType = folder.assetcatalog; path = Assets.xcassets; sourceTree = "<group>"; };
		5541D4EC23D11F390035EE82 /* Base */ = {isa = PBXFileReference; lastKnownFileType = file.storyboard; name = Base; path = Base.lproj/LaunchScreen.storyboard; sourceTree = "<group>"; };
		5541D4EE23D11F390035EE82 /* Info.plist */ = {isa = PBXFileReference; lastKnownFileType = text.plist.xml; path = Info.plist; sourceTree = "<group>"; };
		5541D4F323D11F390035EE82 /* Beer4FoodTests.xctest */ = {isa = PBXFileReference; explicitFileType = wrapper.cfbundle; includeInIndex = 0; path = Beer4FoodTests.xctest; sourceTree = BUILT_PRODUCTS_DIR; };
		5541D4F723D11F390035EE82 /* Beer4FoodTests.swift */ = {isa = PBXFileReference; lastKnownFileType = sourcecode.swift; path = Beer4FoodTests.swift; sourceTree = "<group>"; };
		5541D4F923D11F390035EE82 /* Info.plist */ = {isa = PBXFileReference; lastKnownFileType = text.plist.xml; path = Info.plist; sourceTree = "<group>"; };
		557FBEA823D5C53F003D46AD /* DateFormatter+Custom.swift */ = {isa = PBXFileReference; lastKnownFileType = sourcecode.swift; path = "DateFormatter+Custom.swift"; sourceTree = "<group>"; };
		557FBEAA23D5C5D3003D46AD /* UIImageView+Networking.swift */ = {isa = PBXFileReference; lastKnownFileType = sourcecode.swift; path = "UIImageView+Networking.swift"; sourceTree = "<group>"; };
		55D9639E23D1463C00B9F46E /* SearchViewController.swift */ = {isa = PBXFileReference; lastKnownFileType = sourcecode.swift; path = SearchViewController.swift; sourceTree = "<group>"; };
		55D9639F23D1463C00B9F46E /* SearchViewController.xib */ = {isa = PBXFileReference; lastKnownFileType = file.xib; path = SearchViewController.xib; sourceTree = "<group>"; };
		7A33940F783A435E848413C3 /* Pods_Beer4Food.framework */ = {isa = PBXFileReference; explicitFileType = wrapper.framework; includeInIndex = 0; path = Pods_Beer4Food.framework; sourceTree = BUILT_PRODUCTS_DIR; };
		7F818C7BBAAC35D9E50E1B70 /* Pods-Beer4Food.release.xcconfig */ = {isa = PBXFileReference; includeInIndex = 1; lastKnownFileType = text.xcconfig; name = "Pods-Beer4Food.release.xcconfig"; path = "Target Support Files/Pods-Beer4Food/Pods-Beer4Food.release.xcconfig"; sourceTree = "<group>"; };
/* End PBXFileReference section */

/* Begin PBXFrameworksBuildPhase section */
		5541D4DA23D11F380035EE82 /* Frameworks */ = {
			isa = PBXFrameworksBuildPhase;
			buildActionMask = 2147483647;
			files = (
				985A1E9A0A23A5BC1F50253D /* Pods_Beer4Food.framework in Frameworks */,
			);
			runOnlyForDeploymentPostprocessing = 0;
		};
		5541D4F023D11F390035EE82 /* Frameworks */ = {
			isa = PBXFrameworksBuildPhase;
			buildActionMask = 2147483647;
			files = (
				B50E77DB0A5916F12E05A824 /* Pods_Beer4FoodTests.framework in Frameworks */,
			);
			runOnlyForDeploymentPostprocessing = 0;
		};
/* End PBXFrameworksBuildPhase section */

/* Begin PBXGroup section */
		5263BEDCA9AFA1C52D3B2F6A /* Pods */ = {
			isa = PBXGroup;
			children = (
				2E1A7867DC4552F4A9AC3BE5 /* Pods-Beer4Food.debug.xcconfig */,
				7F818C7BBAAC35D9E50E1B70 /* Pods-Beer4Food.release.xcconfig */,
				44205D71F8CCD1257ECA81A3 /* Pods-Beer4FoodTests.debug.xcconfig */,
				31B5DFB0722F9857CB038DAB /* Pods-Beer4FoodTests.release.xcconfig */,
			);
			path = Pods;
			sourceTree = "<group>";
		};
		553C3D5123D1D141000905A6 /* Models */ = {
			isa = PBXGroup;
			children = (
				553C3D6E23D1E335000905A6 /* DataRepository.swift */,
				553C3D5223D1D156000905A6 /* Beer.swift */,
			);
			path = Models;
			sourceTree = "<group>";
		};
		553C3D6623D1D6F3000905A6 /* Networking */ = {
			isa = PBXGroup;
			children = (
				553C3D6923D1D888000905A6 /* PunkAPIConstants.swift */,
				553C3D6723D1D7AF000905A6 /* BeerPunkAPIConsumerAlamofire.swift */,
			);
			path = Networking;
			sourceTree = "<group>";
		};
		553C3D6B23D1E18B000905A6 /* Protocols */ = {
			isa = PBXGroup;
			children = (
				553C3D6C23D1E1BF000905A6 /* BeerItemAPIConsumable.swift */,
			);
			path = Protocols;
			sourceTree = "<group>";
		};
		5541D4D423D11F380035EE82 = {
			isa = PBXGroup;
			children = (
				5541D4DF23D11F380035EE82 /* Beer4Food */,
				5541D4F623D11F390035EE82 /* Beer4FoodTests */,
				5541D4DE23D11F380035EE82 /* Products */,
				5263BEDCA9AFA1C52D3B2F6A /* Pods */,
				EDB36BBD029558B843DEC24A /* Frameworks */,
			);
			sourceTree = "<group>";
		};
		5541D4DE23D11F380035EE82 /* Products */ = {
			isa = PBXGroup;
			children = (
				5541D4DD23D11F380035EE82 /* Beer4Food.app */,
				5541D4F323D11F390035EE82 /* Beer4FoodTests.xctest */,
			);
			name = Products;
			sourceTree = "<group>";
		};
		5541D4DF23D11F380035EE82 /* Beer4Food */ = {
			isa = PBXGroup;
			children = (
				5541D4E023D11F380035EE82 /* AppDelegate.swift */,
				5541D4E223D11F380035EE82 /* SceneDelegate.swift */,
				5541D4EB23D11F390035EE82 /* LaunchScreen.storyboard */,
				5541D4EE23D11F390035EE82 /* Info.plist */,
				557FBEA723D5C52E003D46AD /* Extensions */,
				55CA6D0023D1489700EEA5E1 /* Controllers */,
				553C3D5123D1D141000905A6 /* Models */,
				553C3D6623D1D6F3000905A6 /* Networking */,
				553C3D6B23D1E18B000905A6 /* Protocols */,
				55CA6D0123D148AE00EEA5E1 /* Resources */,
			);
			path = Beer4Food;
			sourceTree = "<group>";
		};
		5541D4F623D11F390035EE82 /* Beer4FoodTests */ = {
			isa = PBXGroup;
			children = (
				5541D4F723D11F390035EE82 /* Beer4FoodTests.swift */,
				5541D4F923D11F390035EE82 /* Info.plist */,
			);
			path = Beer4FoodTests;
			sourceTree = "<group>";
		};
		557FBEA723D5C52E003D46AD /* Extensions */ = {
			isa = PBXGroup;
			children = (
				557FBEA823D5C53F003D46AD /* DateFormatter+Custom.swift */,
				557FBEAA23D5C5D3003D46AD /* UIImageView+Networking.swift */,
			);
			path = Extensions;
			sourceTree = "<group>";
		};
		55CA6D0023D1489700EEA5E1 /* Controllers */ = {
			isa = PBXGroup;
			children = (
				55F234CA23D663D40034B307 /* Search */,
				55F234C923D660650034B307 /* Detail */,
			);
			path = Controllers;
			sourceTree = "<group>";
		};
		55CA6D0123D148AE00EEA5E1 /* Resources */ = {
			isa = PBXGroup;
			children = (
				5541D4E923D11F390035EE82 /* Assets.xcassets */,
			);
			path = Resources;
			sourceTree = "<group>";
		};
		55F234C923D660650034B307 /* Detail */ = {
			isa = PBXGroup;
			children = (
				5524EFE023D14D28004A111D /* DetailViewController.xib */,
				5524EFDF23D14D28004A111D /* DetailViewController.swift */,
			);
			path = Detail;
			sourceTree = "<group>";
		};
		55F234CA23D663D40034B307 /* Search */ = {
			isa = PBXGroup;
			children = (
				55D9639F23D1463C00B9F46E /* SearchViewController.xib */,
				55D9639E23D1463C00B9F46E /* SearchViewController.swift */,
				55F234CB23D663E50034B307 /* Cell */,
			);
			path = Search;
			sourceTree = "<group>";
		};
		55F234CB23D663E50034B307 /* Cell */ = {
			isa = PBXGroup;
			children = (
			);
			path = Cell;
			sourceTree = "<group>";
		};
		EDB36BBD029558B843DEC24A /* Frameworks */ = {
			isa = PBXGroup;
			children = (
				7A33940F783A435E848413C3 /* Pods_Beer4Food.framework */,
				1157C18872D3CB441215F09B /* Pods_Beer4FoodTests.framework */,
			);
			name = Frameworks;
			sourceTree = "<group>";
		};
/* End PBXGroup section */

/* Begin PBXNativeTarget section */
		5541D4DC23D11F380035EE82 /* Beer4Food */ = {
			isa = PBXNativeTarget;
			buildConfigurationList = 5541D4FC23D11F390035EE82 /* Build configuration list for PBXNativeTarget "Beer4Food" */;
			buildPhases = (
				8E410E15ADCCE42E0159B98A /* [CP] Check Pods Manifest.lock */,
				5541D4D923D11F380035EE82 /* Sources */,
				5541D4DA23D11F380035EE82 /* Frameworks */,
				5541D4DB23D11F380035EE82 /* Resources */,
				701A4CC45C0941BC64CAA978 /* [CP] Embed Pods Frameworks */,
			);
			buildRules = (
			);
			dependencies = (
			);
			name = Beer4Food;
			productName = Beer4Food;
			productReference = 5541D4DD23D11F380035EE82 /* Beer4Food.app */;
			productType = "com.apple.product-type.application";
		};
		5541D4F223D11F390035EE82 /* Beer4FoodTests */ = {
			isa = PBXNativeTarget;
			buildConfigurationList = 5541D4FF23D11F390035EE82 /* Build configuration list for PBXNativeTarget "Beer4FoodTests" */;
			buildPhases = (
				4FCBE41BD9656E132F36D0B9 /* [CP] Check Pods Manifest.lock */,
				5541D4EF23D11F390035EE82 /* Sources */,
				5541D4F023D11F390035EE82 /* Frameworks */,
				5541D4F123D11F390035EE82 /* Resources */,
			);
			buildRules = (
			);
			dependencies = (
				5541D4F523D11F390035EE82 /* PBXTargetDependency */,
			);
			name = Beer4FoodTests;
			productName = Beer4FoodTests;
			productReference = 5541D4F323D11F390035EE82 /* Beer4FoodTests.xctest */;
			productType = "com.apple.product-type.bundle.unit-test";
		};
/* End PBXNativeTarget section */

/* Begin PBXProject section */
		5541D4D523D11F380035EE82 /* Project object */ = {
			isa = PBXProject;
			attributes = {
				LastSwiftUpdateCheck = 1110;
				LastUpgradeCheck = 1110;
				ORGANIZATIONNAME = Miriam;
				TargetAttributes = {
					5541D4DC23D11F380035EE82 = {
						CreatedOnToolsVersion = 11.1;
					};
					5541D4F223D11F390035EE82 = {
						CreatedOnToolsVersion = 11.1;
						TestTargetID = 5541D4DC23D11F380035EE82;
					};
				};
			};
			buildConfigurationList = 5541D4D823D11F380035EE82 /* Build configuration list for PBXProject "Beer4Food" */;
			compatibilityVersion = "Xcode 9.3";
			developmentRegion = en;
			hasScannedForEncodings = 0;
			knownRegions = (
				en,
				Base,
			);
			mainGroup = 5541D4D423D11F380035EE82;
			productRefGroup = 5541D4DE23D11F380035EE82 /* Products */;
			projectDirPath = "";
			projectRoot = "";
			targets = (
				5541D4DC23D11F380035EE82 /* Beer4Food */,
				5541D4F223D11F390035EE82 /* Beer4FoodTests */,
			);
		};
/* End PBXProject section */

/* Begin PBXResourcesBuildPhase section */
		5541D4DB23D11F380035EE82 /* Resources */ = {
			isa = PBXResourcesBuildPhase;
			buildActionMask = 2147483647;
			files = (
				5541D4ED23D11F390035EE82 /* LaunchScreen.storyboard in Resources */,
				5541D4EA23D11F390035EE82 /* Assets.xcassets in Resources */,
				5524EFE223D14D28004A111D /* DetailViewController.xib in Resources */,
				55D963A123D1463C00B9F46E /* SearchViewController.xib in Resources */,
			);
			runOnlyForDeploymentPostprocessing = 0;
		};
		5541D4F123D11F390035EE82 /* Resources */ = {
			isa = PBXResourcesBuildPhase;
			buildActionMask = 2147483647;
			files = (
			);
			runOnlyForDeploymentPostprocessing = 0;
		};
/* End PBXResourcesBuildPhase section */

/* Begin PBXShellScriptBuildPhase section */
		4FCBE41BD9656E132F36D0B9 /* [CP] Check Pods Manifest.lock */ = {
			isa = PBXShellScriptBuildPhase;
			buildActionMask = 2147483647;
			files = (
			);
			inputFileListPaths = (
			);
			inputPaths = (
				"${PODS_PODFILE_DIR_PATH}/Podfile.lock",
				"${PODS_ROOT}/Manifest.lock",
			);
			name = "[CP] Check Pods Manifest.lock";
			outputFileListPaths = (
			);
			outputPaths = (
				"$(DERIVED_FILE_DIR)/Pods-Beer4FoodTests-checkManifestLockResult.txt",
			);
			runOnlyForDeploymentPostprocessing = 0;
			shellPath = /bin/sh;
			shellScript = "diff \"${PODS_PODFILE_DIR_PATH}/Podfile.lock\" \"${PODS_ROOT}/Manifest.lock\" > /dev/null\nif [ $? != 0 ] ; then\n    # print error to STDERR\n    echo \"error: The sandbox is not in sync with the Podfile.lock. Run 'pod install' or update your CocoaPods installation.\" >&2\n    exit 1\nfi\n# This output is used by Xcode 'outputs' to avoid re-running this script phase.\necho \"SUCCESS\" > \"${SCRIPT_OUTPUT_FILE_0}\"\n";
			showEnvVarsInLog = 0;
		};
		701A4CC45C0941BC64CAA978 /* [CP] Embed Pods Frameworks */ = {
			isa = PBXShellScriptBuildPhase;
			buildActionMask = 2147483647;
			files = (
			);
			inputFileListPaths = (
				"${PODS_ROOT}/Target Support Files/Pods-Beer4Food/Pods-Beer4Food-frameworks-${CONFIGURATION}-input-files.xcfilelist",
			);
			name = "[CP] Embed Pods Frameworks";
			outputFileListPaths = (
				"${PODS_ROOT}/Target Support Files/Pods-Beer4Food/Pods-Beer4Food-frameworks-${CONFIGURATION}-output-files.xcfilelist",
			);
			runOnlyForDeploymentPostprocessing = 0;
			shellPath = /bin/sh;
			shellScript = "\"${PODS_ROOT}/Target Support Files/Pods-Beer4Food/Pods-Beer4Food-frameworks.sh\"\n";
			showEnvVarsInLog = 0;
		};
		8E410E15ADCCE42E0159B98A /* [CP] Check Pods Manifest.lock */ = {
			isa = PBXShellScriptBuildPhase;
			buildActionMask = 2147483647;
			files = (
			);
			inputFileListPaths = (
			);
			inputPaths = (
				"${PODS_PODFILE_DIR_PATH}/Podfile.lock",
				"${PODS_ROOT}/Manifest.lock",
			);
			name = "[CP] Check Pods Manifest.lock";
			outputFileListPaths = (
			);
			outputPaths = (
				"$(DERIVED_FILE_DIR)/Pods-Beer4Food-checkManifestLockResult.txt",
			);
			runOnlyForDeploymentPostprocessing = 0;
			shellPath = /bin/sh;
			shellScript = "diff \"${PODS_PODFILE_DIR_PATH}/Podfile.lock\" \"${PODS_ROOT}/Manifest.lock\" > /dev/null\nif [ $? != 0 ] ; then\n    # print error to STDERR\n    echo \"error: The sandbox is not in sync with the Podfile.lock. Run 'pod install' or update your CocoaPods installation.\" >&2\n    exit 1\nfi\n# This output is used by Xcode 'outputs' to avoid re-running this script phase.\necho \"SUCCESS\" > \"${SCRIPT_OUTPUT_FILE_0}\"\n";
			showEnvVarsInLog = 0;
		};
/* End PBXShellScriptBuildPhase section */

/* Begin PBXSourcesBuildPhase section */
		5541D4D923D11F380035EE82 /* Sources */ = {
			isa = PBXSourcesBuildPhase;
			buildActionMask = 2147483647;
			files = (
				553C3D6823D1D7AF000905A6 /* BeerPunkAPIConsumerAlamofire.swift in Sources */,
				553C3D6D23D1E1BF000905A6 /* BeerItemAPIConsumable.swift in Sources */,
				557FBEA923D5C53F003D46AD /* DateFormatter+Custom.swift in Sources */,
				5541D4E123D11F380035EE82 /* AppDelegate.swift in Sources */,
				5524EFE123D14D28004A111D /* DetailViewController.swift in Sources */,
				557FBEAB23D5C5D3003D46AD /* UIImageView+Networking.swift in Sources */,
				553C3D5323D1D156000905A6 /* Beer.swift in Sources */,
				553C3D6A23D1D888000905A6 /* PunkAPIConstants.swift in Sources */,
				55D963A023D1463C00B9F46E /* SearchViewController.swift in Sources */,
				5541D4E323D11F380035EE82 /* SceneDelegate.swift in Sources */,
				553C3D6F23D1E335000905A6 /* DataRepository.swift in Sources */,
			);
			runOnlyForDeploymentPostprocessing = 0;
		};
		5541D4EF23D11F390035EE82 /* Sources */ = {
			isa = PBXSourcesBuildPhase;
			buildActionMask = 2147483647;
			files = (
				5541D4F823D11F390035EE82 /* Beer4FoodTests.swift in Sources */,
			);
			runOnlyForDeploymentPostprocessing = 0;
		};
/* End PBXSourcesBuildPhase section */

/* Begin PBXTargetDependency section */
		5541D4F523D11F390035EE82 /* PBXTargetDependency */ = {
			isa = PBXTargetDependency;
			target = 5541D4DC23D11F380035EE82 /* Beer4Food */;
			targetProxy = 5541D4F423D11F390035EE82 /* PBXContainerItemProxy */;
		};
/* End PBXTargetDependency section */

/* Begin PBXVariantGroup section */
		5541D4EB23D11F390035EE82 /* LaunchScreen.storyboard */ = {
			isa = PBXVariantGroup;
			children = (
				5541D4EC23D11F390035EE82 /* Base */,
			);
			name = LaunchScreen.storyboard;
			sourceTree = "<group>";
		};
/* End PBXVariantGroup section */

/* Begin XCBuildConfiguration section */
		5541D4FA23D11F390035EE82 /* Debug */ = {
			isa = XCBuildConfiguration;
			buildSettings = {
				ALWAYS_SEARCH_USER_PATHS = NO;
				CLANG_ANALYZER_NONNULL = YES;
				CLANG_ANALYZER_NUMBER_OBJECT_CONVERSION = YES_AGGRESSIVE;
				CLANG_CXX_LANGUAGE_STANDARD = "gnu++14";
				CLANG_CXX_LIBRARY = "libc++";
				CLANG_ENABLE_MODULES = YES;
				CLANG_ENABLE_OBJC_ARC = YES;
				CLANG_ENABLE_OBJC_WEAK = YES;
				CLANG_WARN_BLOCK_CAPTURE_AUTORELEASING = YES;
				CLANG_WARN_BOOL_CONVERSION = YES;
				CLANG_WARN_COMMA = YES;
				CLANG_WARN_CONSTANT_CONVERSION = YES;
				CLANG_WARN_DEPRECATED_OBJC_IMPLEMENTATIONS = YES;
				CLANG_WARN_DIRECT_OBJC_ISA_USAGE = YES_ERROR;
				CLANG_WARN_DOCUMENTATION_COMMENTS = YES;
				CLANG_WARN_EMPTY_BODY = YES;
				CLANG_WARN_ENUM_CONVERSION = YES;
				CLANG_WARN_INFINITE_RECURSION = YES;
				CLANG_WARN_INT_CONVERSION = YES;
				CLANG_WARN_NON_LITERAL_NULL_CONVERSION = YES;
				CLANG_WARN_OBJC_IMPLICIT_RETAIN_SELF = YES;
				CLANG_WARN_OBJC_LITERAL_CONVERSION = YES;
				CLANG_WARN_OBJC_ROOT_CLASS = YES_ERROR;
				CLANG_WARN_RANGE_LOOP_ANALYSIS = YES;
				CLANG_WARN_STRICT_PROTOTYPES = YES;
				CLANG_WARN_SUSPICIOUS_MOVE = YES;
				CLANG_WARN_UNGUARDED_AVAILABILITY = YES_AGGRESSIVE;
				CLANG_WARN_UNREACHABLE_CODE = YES;
				CLANG_WARN__DUPLICATE_METHOD_MATCH = YES;
				COPY_PHASE_STRIP = NO;
				DEBUG_INFORMATION_FORMAT = dwarf;
				ENABLE_STRICT_OBJC_MSGSEND = YES;
				ENABLE_TESTABILITY = YES;
				GCC_C_LANGUAGE_STANDARD = gnu11;
				GCC_DYNAMIC_NO_PIC = NO;
				GCC_NO_COMMON_BLOCKS = YES;
				GCC_OPTIMIZATION_LEVEL = 0;
				GCC_PREPROCESSOR_DEFINITIONS = (
					"DEBUG=1",
					"$(inherited)",
				);
				GCC_WARN_64_TO_32_BIT_CONVERSION = YES;
				GCC_WARN_ABOUT_RETURN_TYPE = YES_ERROR;
				GCC_WARN_UNDECLARED_SELECTOR = YES;
				GCC_WARN_UNINITIALIZED_AUTOS = YES_AGGRESSIVE;
				GCC_WARN_UNUSED_FUNCTION = YES;
				GCC_WARN_UNUSED_VARIABLE = YES;
				IPHONEOS_DEPLOYMENT_TARGET = 13.1;
				MTL_ENABLE_DEBUG_INFO = INCLUDE_SOURCE;
				MTL_FAST_MATH = YES;
				ONLY_ACTIVE_ARCH = YES;
				SDKROOT = iphoneos;
				SWIFT_ACTIVE_COMPILATION_CONDITIONS = DEBUG;
				SWIFT_OPTIMIZATION_LEVEL = "-Onone";
			};
			name = Debug;
		};
		5541D4FB23D11F390035EE82 /* Release */ = {
			isa = XCBuildConfiguration;
			buildSettings = {
				ALWAYS_SEARCH_USER_PATHS = NO;
				CLANG_ANALYZER_NONNULL = YES;
				CLANG_ANALYZER_NUMBER_OBJECT_CONVERSION = YES_AGGRESSIVE;
				CLANG_CXX_LANGUAGE_STANDARD = "gnu++14";
				CLANG_CXX_LIBRARY = "libc++";
				CLANG_ENABLE_MODULES = YES;
				CLANG_ENABLE_OBJC_ARC = YES;
				CLANG_ENABLE_OBJC_WEAK = YES;
				CLANG_WARN_BLOCK_CAPTURE_AUTORELEASING = YES;
				CLANG_WARN_BOOL_CONVERSION = YES;
				CLANG_WARN_COMMA = YES;
				CLANG_WARN_CONSTANT_CONVERSION = YES;
				CLANG_WARN_DEPRECATED_OBJC_IMPLEMENTATIONS = YES;
				CLANG_WARN_DIRECT_OBJC_ISA_USAGE = YES_ERROR;
				CLANG_WARN_DOCUMENTATION_COMMENTS = YES;
				CLANG_WARN_EMPTY_BODY = YES;
				CLANG_WARN_ENUM_CONVERSION = YES;
				CLANG_WARN_INFINITE_RECURSION = YES;
				CLANG_WARN_INT_CONVERSION = YES;
				CLANG_WARN_NON_LITERAL_NULL_CONVERSION = YES;
				CLANG_WARN_OBJC_IMPLICIT_RETAIN_SELF = YES;
				CLANG_WARN_OBJC_LITERAL_CONVERSION = YES;
				CLANG_WARN_OBJC_ROOT_CLASS = YES_ERROR;
				CLANG_WARN_RANGE_LOOP_ANALYSIS = YES;
				CLANG_WARN_STRICT_PROTOTYPES = YES;
				CLANG_WARN_SUSPICIOUS_MOVE = YES;
				CLANG_WARN_UNGUARDED_AVAILABILITY = YES_AGGRESSIVE;
				CLANG_WARN_UNREACHABLE_CODE = YES;
				CLANG_WARN__DUPLICATE_METHOD_MATCH = YES;
				COPY_PHASE_STRIP = NO;
				DEBUG_INFORMATION_FORMAT = "dwarf-with-dsym";
				ENABLE_NS_ASSERTIONS = NO;
				ENABLE_STRICT_OBJC_MSGSEND = YES;
				GCC_C_LANGUAGE_STANDARD = gnu11;
				GCC_NO_COMMON_BLOCKS = YES;
				GCC_WARN_64_TO_32_BIT_CONVERSION = YES;
				GCC_WARN_ABOUT_RETURN_TYPE = YES_ERROR;
				GCC_WARN_UNDECLARED_SELECTOR = YES;
				GCC_WARN_UNINITIALIZED_AUTOS = YES_AGGRESSIVE;
				GCC_WARN_UNUSED_FUNCTION = YES;
				GCC_WARN_UNUSED_VARIABLE = YES;
				IPHONEOS_DEPLOYMENT_TARGET = 13.1;
				MTL_ENABLE_DEBUG_INFO = NO;
				MTL_FAST_MATH = YES;
				SDKROOT = iphoneos;
				SWIFT_COMPILATION_MODE = wholemodule;
				SWIFT_OPTIMIZATION_LEVEL = "-O";
				VALIDATE_PRODUCT = YES;
			};
			name = Release;
		};
		5541D4FD23D11F390035EE82 /* Debug */ = {
			isa = XCBuildConfiguration;
			baseConfigurationReference = 2E1A7867DC4552F4A9AC3BE5 /* Pods-Beer4Food.debug.xcconfig */;
			buildSettings = {
				ASSETCATALOG_COMPILER_APPICON_NAME = AppIcon;
				CODE_SIGN_STYLE = Automatic;
				DEVELOPMENT_TEAM = 74YBSYDKJ7;
				INFOPLIST_FILE = Beer4Food/Info.plist;
				LD_RUNPATH_SEARCH_PATHS = (
					"$(inherited)",
					"@executable_path/Frameworks",
				);
				PRODUCT_BUNDLE_IDENTIFIER = Miriam.Beer4Food;
				PRODUCT_NAME = "$(TARGET_NAME)";
				SWIFT_VERSION = 5.0;
				TARGETED_DEVICE_FAMILY = "1,2";
			};
			name = Debug;
		};
		5541D4FE23D11F390035EE82 /* Release */ = {
			isa = XCBuildConfiguration;
			baseConfigurationReference = 7F818C7BBAAC35D9E50E1B70 /* Pods-Beer4Food.release.xcconfig */;
			buildSettings = {
				ASSETCATALOG_COMPILER_APPICON_NAME = AppIcon;
				CODE_SIGN_STYLE = Automatic;
				DEVELOPMENT_TEAM = 74YBSYDKJ7;
				INFOPLIST_FILE = Beer4Food/Info.plist;
				LD_RUNPATH_SEARCH_PATHS = (
					"$(inherited)",
					"@executable_path/Frameworks",
				);
				PRODUCT_BUNDLE_IDENTIFIER = Miriam.Beer4Food;
				PRODUCT_NAME = "$(TARGET_NAME)";
				SWIFT_VERSION = 5.0;
				TARGETED_DEVICE_FAMILY = "1,2";
			};
			name = Release;
		};
		5541D50023D11F390035EE82 /* Debug */ = {
			isa = XCBuildConfiguration;
			baseConfigurationReference = 44205D71F8CCD1257ECA81A3 /* Pods-Beer4FoodTests.debug.xcconfig */;
			buildSettings = {
				ALWAYS_EMBED_SWIFT_STANDARD_LIBRARIES = YES;
				BUNDLE_LOADER = "$(TEST_HOST)";
				CODE_SIGN_STYLE = Automatic;
				DEVELOPMENT_TEAM = 74YBSYDKJ7;
				INFOPLIST_FILE = Beer4FoodTests/Info.plist;
				IPHONEOS_DEPLOYMENT_TARGET = 13.1;
				LD_RUNPATH_SEARCH_PATHS = (
					"$(inherited)",
					"@executable_path/Frameworks",
					"@loader_path/Frameworks",
				);
				PRODUCT_BUNDLE_IDENTIFIER = Miriam.Beer4FoodTests;
				PRODUCT_NAME = "$(TARGET_NAME)";
				SWIFT_VERSION = 5.0;
				TARGETED_DEVICE_FAMILY = "1,2";
				TEST_HOST = "$(BUILT_PRODUCTS_DIR)/Beer4Food.app/Beer4Food";
			};
			name = Debug;
		};
		5541D50123D11F390035EE82 /* Release */ = {
			isa = XCBuildConfiguration;
			baseConfigurationReference = 31B5DFB0722F9857CB038DAB /* Pods-Beer4FoodTests.release.xcconfig */;
			buildSettings = {
				ALWAYS_EMBED_SWIFT_STANDARD_LIBRARIES = YES;
				BUNDLE_LOADER = "$(TEST_HOST)";
				CODE_SIGN_STYLE = Automatic;
				DEVELOPMENT_TEAM = 74YBSYDKJ7;
				INFOPLIST_FILE = Beer4FoodTests/Info.plist;
				IPHONEOS_DEPLOYMENT_TARGET = 13.1;
				LD_RUNPATH_SEARCH_PATHS = (
					"$(inherited)",
					"@executable_path/Frameworks",
					"@loader_path/Frameworks",
				);
				PRODUCT_BUNDLE_IDENTIFIER = Miriam.Beer4FoodTests;
				PRODUCT_NAME = "$(TARGET_NAME)";
				SWIFT_VERSION = 5.0;
				TARGETED_DEVICE_FAMILY = "1,2";
				TEST_HOST = "$(BUILT_PRODUCTS_DIR)/Beer4Food.app/Beer4Food";
			};
			name = Release;
		};
/* End XCBuildConfiguration section */

/* Begin XCConfigurationList section */
		5541D4D823D11F380035EE82 /* Build configuration list for PBXProject "Beer4Food" */ = {
			isa = XCConfigurationList;
			buildConfigurations = (
				5541D4FA23D11F390035EE82 /* Debug */,
				5541D4FB23D11F390035EE82 /* Release */,
			);
			defaultConfigurationIsVisible = 0;
			defaultConfigurationName = Release;
		};
		5541D4FC23D11F390035EE82 /* Build configuration list for PBXNativeTarget "Beer4Food" */ = {
			isa = XCConfigurationList;
			buildConfigurations = (
				5541D4FD23D11F390035EE82 /* Debug */,
				5541D4FE23D11F390035EE82 /* Release */,
			);
			defaultConfigurationIsVisible = 0;
			defaultConfigurationName = Release;
		};
		5541D4FF23D11F390035EE82 /* Build configuration list for PBXNativeTarget "Beer4FoodTests" */ = {
			isa = XCConfigurationList;
			buildConfigurations = (
				5541D50023D11F390035EE82 /* Debug */,
				5541D50123D11F390035EE82 /* Release */,
			);
			defaultConfigurationIsVisible = 0;
			defaultConfigurationName = Release;
		};
/* End XCConfigurationList section */
	};
	rootObject = 5541D4D523D11F380035EE82 /* Project object */;
}
